
Microsoft Visual Studio Solution File, Format Version 12.00
# Visual Studio Version 17
VisualStudioVersion = 17.2.32516.85
MinimumVisualStudioVersion = 10.0.40219.1
Project("{2150E333-8FDC-42A3-9474-1A3956D46DE8}") = "Solution Items", "Solution Items", "{21B52DD6-02EA-4FAC-BA25-59DC65248640}"
	ProjectSection(SolutionItems) = preProject
		.editorconfig = .editorconfig
		.gitignore = .gitignore
		README.md = README.md
	EndProjectSection
EndProject
Project("{9A19103F-16F7-4668-BE54-9A1E7A4F7556}") = "MessageSilo.Features", "src\MessageSilo.Features\MessageSilo.Features.csproj", "{DB78CC30-9637-420F-9A61-EE3775E0A20D}"
EndProject
Project("{9A19103F-16F7-4668-BE54-9A1E7A4F7556}") = "MessageSilo.Shared", "src\MessageSilo.Shared\MessageSilo.Shared.csproj", "{EEF5B48B-6F8B-4B18-B1A2-05FA8DC65CC5}"
EndProject
Project("{9A19103F-16F7-4668-BE54-9A1E7A4F7556}") = "MessageSilo.SiloCTL", "src\MessageSilo.SiloCTL\MessageSilo.SiloCTL.csproj", "{A664DD31-8351-47CC-923C-EE5E39030D19}"
EndProject
Project("{9A19103F-16F7-4668-BE54-9A1E7A4F7556}") = "MessageSilo", "src\MessageSilo\MessageSilo.csproj", "{6B5087CB-2497-4E0F-9A6B-3DA17AF6459A}"
EndProject
Global
	GlobalSection(SolutionConfigurationPlatforms) = preSolution
		Debug|Any CPU = Debug|Any CPU
		Release|Any CPU = Release|Any CPU
	EndGlobalSection
	GlobalSection(ProjectConfigurationPlatforms) = postSolution
		{DB78CC30-9637-420F-9A61-EE3775E0A20D}.Debug|Any CPU.ActiveCfg = Debug|Any CPU
		{DB78CC30-9637-420F-9A61-EE3775E0A20D}.Debug|Any CPU.Build.0 = Debug|Any CPU
		{DB78CC30-9637-420F-9A61-EE3775E0A20D}.Release|Any CPU.ActiveCfg = Release|Any CPU
		{DB78CC30-9637-420F-9A61-EE3775E0A20D}.Release|Any CPU.Build.0 = Release|Any CPU
		{EEF5B48B-6F8B-4B18-B1A2-05FA8DC65CC5}.Debug|Any CPU.ActiveCfg = Debug|Any CPU
		{EEF5B48B-6F8B-4B18-B1A2-05FA8DC65CC5}.Debug|Any CPU.Build.0 = Debug|Any CPU
		{EEF5B48B-6F8B-4B18-B1A2-05FA8DC65CC5}.Release|Any CPU.ActiveCfg = Release|Any CPU
		{EEF5B48B-6F8B-4B18-B1A2-05FA8DC65CC5}.Release|Any CPU.Build.0 = Release|Any CPU
		{A664DD31-8351-47CC-923C-EE5E39030D19}.Debug|Any CPU.ActiveCfg = Debug|Any CPU
		{A664DD31-8351-47CC-923C-EE5E39030D19}.Debug|Any CPU.Build.0 = Debug|Any CPU
		{A664DD31-8351-47CC-923C-EE5E39030D19}.Release|Any CPU.ActiveCfg = Release|Any CPU
		{A664DD31-8351-47CC-923C-EE5E39030D19}.Release|Any CPU.Build.0 = Release|Any CPU
		{6B5087CB-2497-4E0F-9A6B-3DA17AF6459A}.Debug|Any CPU.ActiveCfg = Debug|Any CPU
		{6B5087CB-2497-4E0F-9A6B-3DA17AF6459A}.Debug|Any CPU.Build.0 = Debug|Any CPU
		{6B5087CB-2497-4E0F-9A6B-3DA17AF6459A}.Release|Any CPU.ActiveCfg = Release|Any CPU
		{6B5087CB-2497-4E0F-9A6B-3DA17AF6459A}.Release|Any CPU.Build.0 = Release|Any CPU
	EndGlobalSection
	GlobalSection(SolutionProperties) = preSolution
		HideSolutionNode = FALSE
	EndGlobalSection
	GlobalSection(ExtensibilityGlobals) = postSolution
		SolutionGuid = {81C1D173-341E-4584-9CB6-6AE89DA36A21}
	EndGlobalSection
EndGlobal
