
Microsoft Visual Studio Solution File, Format Version 12.00
# Visual Studio Version 17
VisualStudioVersion = 17.2.32516.85
MinimumVisualStudioVersion = 10.0.40219.1
Project("{9A19103F-16F7-4668-BE54-9A1E7A4F7556}") = "SBMonitor.BlazorApp", "src\SBMonitor.BlazorApp\SBMonitor.BlazorApp.csproj", "{0E60634F-4CD1-4842-86A0-8D3568FC62F7}"
EndProject
Project("{9A19103F-16F7-4668-BE54-9A1E7A4F7556}") = "SBMonitor.Core", "src\SBMonitor.Core\SBMonitor.Core.csproj", "{2AFB4C91-D0E3-40EF-B867-860B70B4F3F9}"
EndProject
Project("{9A19103F-16F7-4668-BE54-9A1E7A4F7556}") = "SBMonitor.Infrastructure", "src\SBMonitor.Infrastructure\SBMonitor.Infrastructure.csproj", "{9F4D8ABA-8B3B-47F3-964B-27AD13EA6CD8}"
EndProject
Project("{9A19103F-16F7-4668-BE54-9A1E7A4F7556}") = "SBMonitor.API", "src\SBMonitor.API\SBMonitor.API.csproj", "{14E20EB5-5802-4C14-9822-DF1E5366F8FE}"
EndProject
Project("{2150E333-8FDC-42A3-9474-1A3956D46DE8}") = "Solution Items", "Solution Items", "{21B52DD6-02EA-4FAC-BA25-59DC65248640}"
	ProjectSection(SolutionItems) = preProject
		.editorconfig = .editorconfig
	EndProjectSection
EndProject
Global
	GlobalSection(SolutionConfigurationPlatforms) = preSolution
		Debug|Any CPU = Debug|Any CPU
		Release|Any CPU = Release|Any CPU
	EndGlobalSection
	GlobalSection(ProjectConfigurationPlatforms) = postSolution
		{0E60634F-4CD1-4842-86A0-8D3568FC62F7}.Debug|Any CPU.ActiveCfg = Debug|Any CPU
		{0E60634F-4CD1-4842-86A0-8D3568FC62F7}.Debug|Any CPU.Build.0 = Debug|Any CPU
		{0E60634F-4CD1-4842-86A0-8D3568FC62F7}.Release|Any CPU.ActiveCfg = Release|Any CPU
		{0E60634F-4CD1-4842-86A0-8D3568FC62F7}.Release|Any CPU.Build.0 = Release|Any CPU
		{2AFB4C91-D0E3-40EF-B867-860B70B4F3F9}.Debug|Any CPU.ActiveCfg = Debug|Any CPU
		{2AFB4C91-D0E3-40EF-B867-860B70B4F3F9}.Debug|Any CPU.Build.0 = Debug|Any CPU
		{2AFB4C91-D0E3-40EF-B867-860B70B4F3F9}.Release|Any CPU.ActiveCfg = Release|Any CPU
		{2AFB4C91-D0E3-40EF-B867-860B70B4F3F9}.Release|Any CPU.Build.0 = Release|Any CPU
		{9F4D8ABA-8B3B-47F3-964B-27AD13EA6CD8}.Debug|Any CPU.ActiveCfg = Debug|Any CPU
		{9F4D8ABA-8B3B-47F3-964B-27AD13EA6CD8}.Debug|Any CPU.Build.0 = Debug|Any CPU
		{9F4D8ABA-8B3B-47F3-964B-27AD13EA6CD8}.Release|Any CPU.ActiveCfg = Release|Any CPU
		{9F4D8ABA-8B3B-47F3-964B-27AD13EA6CD8}.Release|Any CPU.Build.0 = Release|Any CPU
		{14E20EB5-5802-4C14-9822-DF1E5366F8FE}.Debug|Any CPU.ActiveCfg = Debug|Any CPU
		{14E20EB5-5802-4C14-9822-DF1E5366F8FE}.Debug|Any CPU.Build.0 = Debug|Any CPU
		{14E20EB5-5802-4C14-9822-DF1E5366F8FE}.Release|Any CPU.ActiveCfg = Release|Any CPU
		{14E20EB5-5802-4C14-9822-DF1E5366F8FE}.Release|Any CPU.Build.0 = Release|Any CPU
	EndGlobalSection
	GlobalSection(SolutionProperties) = preSolution
		HideSolutionNode = FALSE
	EndGlobalSection
	GlobalSection(ExtensibilityGlobals) = postSolution
		SolutionGuid = {81C1D173-341E-4584-9CB6-6AE89DA36A21}
	EndGlobalSection
EndGlobal
